
Microsoft Visual Studio Solution File, Format Version 12.00
# Visual Studio Version 17
VisualStudioVersion = 17.14.36511.14 d17.14
MinimumVisualStudioVersion = 10.0.40219.1
Project("{FAE04EC0-301F-11D3-BF4B-00C04F79EFBC}") = "Calculadora", "Calculadora\Calculadora.csproj", "{2F377D07-37AC-4EA7-B276-2E3718421660}"
EndProject
Global
	GlobalSection(SolutionConfigurationPlatforms) = preSolution
		Debug|Any CPU = Debug|Any CPU
		Release|Any CPU = Release|Any CPU
	EndGlobalSection
	GlobalSection(ProjectConfigurationPlatforms) = postSolution
		{2F377D07-37AC-4EA7-B276-2E3718421660}.Debug|Any CPU.ActiveCfg = Debug|Any CPU
		{2F377D07-37AC-4EA7-B276-2E3718421660}.Debug|Any CPU.Build.0 = Debug|Any CPU
		{2F377D07-37AC-4EA7-B276-2E3718421660}.Release|Any CPU.ActiveCfg = Release|Any CPU
		{2F377D07-37AC-4EA7-B276-2E3718421660}.Release|Any CPU.Build.0 = Release|Any CPU
	EndGlobalSection
	GlobalSection(SolutionProperties) = preSolution
		HideSolutionNode = FALSE
	EndGlobalSection
	GlobalSection(ExtensibilityGlobals) = postSolution
		SolutionGuid = {EE80C251-CE33-45C2-B800-97939537FD0B}
	EndGlobalSection
EndGlobal
